
Microsoft Visual Studio Solution File, Format Version 12.00
# Visual Studio Version 16
VisualStudioVersion = 16.0.30204.135
MinimumVisualStudioVersion = 10.0.40219.1
Project("{FAE04EC0-301F-11D3-BF4B-00C04F79EFBC}") = "PasswordGenerator", "Password Generator.csproj", "{024EE4AF-2464-422A-B812-017DB74D4AB6}"
EndProject
Global
	GlobalSection(SolutionConfigurationPlatforms) = preSolution
		Debug|Any CPU = Debug|Any CPU
		Release|Any CPU = Release|Any CPU
	EndGlobalSection
	GlobalSection(ProjectConfigurationPlatforms) = postSolution
		{024EE4AF-2464-422A-B812-017DB74D4AB6}.Debug|Any CPU.ActiveCfg = Debug|Any CPU
		{024EE4AF-2464-422A-B812-017DB74D4AB6}.Debug|Any CPU.Build.0 = Debug|Any CPU
		{024EE4AF-2464-422A-B812-017DB74D4AB6}.Release|Any CPU.ActiveCfg = Release|Any CPU
		{024EE4AF-2464-422A-B812-017DB74D4AB6}.Release|Any CPU.Build.0 = Release|Any CPU
	EndGlobalSection
	GlobalSection(SolutionProperties) = preSolution
		HideSolutionNode = FALSE
	EndGlobalSection
	GlobalSection(ExtensibilityGlobals) = postSolution
		SolutionGuid = {D2F5854D-54F0-4527-A580-C2AA8E62593D}
	EndGlobalSection
EndGlobal
